
Microsoft Visual Studio Solution File, Format Version 12.00
Project("{FAE04EC0-301F-11D3-BF4B-00C04F79EFBC}") = "CW2", "CW2.csproj", "{2AD21C3B-883F-41F0-8380-4B7ADF14C29E}"
EndProject
Global
	GlobalSection(SolutionConfigurationPlatforms) = preSolution
		Debug|Any CPU = Debug|Any CPU
		Release|Any CPU = Release|Any CPU
	EndGlobalSection
	GlobalSection(ProjectConfigurationPlatforms) = postSolution
		{2AD21C3B-883F-41F0-8380-4B7ADF14C29E}.Debug|Any CPU.ActiveCfg = Debug|Any CPU
		{2AD21C3B-883F-41F0-8380-4B7ADF14C29E}.Debug|Any CPU.Build.0 = Debug|Any CPU
		{2AD21C3B-883F-41F0-8380-4B7ADF14C29E}.Release|Any CPU.ActiveCfg = Release|Any CPU
		{2AD21C3B-883F-41F0-8380-4B7ADF14C29E}.Release|Any CPU.Build.0 = Release|Any CPU
	EndGlobalSection
EndGlobal
